Microsoft Visual Studio Solution File, Format Version 12.00
# Visual Studio Version 17
VisualStudioVersion = 17.5.2.0
MinimumVisualStudioVersion = 10.0.40219.1
Project("{FAE04EC0-301F-11D3-BF4B-00C04F79EFBC}") = "Waap", "Waap.csproj", "{806329E4-7EC7-8B00-18F7-F3F34D7DD591}"
EndProject
Global
	GlobalSection(SolutionConfigurationPlatforms) = preSolution
		Debug|Any CPU = Debug|Any CPU
		Release|Any CPU = Release|Any CPU
	EndGlobalSection
	GlobalSection(ProjectConfigurationPlatforms) = postSolution
		{806329E4-7EC7-8B00-18F7-F3F34D7DD591}.Debug|Any CPU.ActiveCfg = Debug|Any CPU
		{806329E4-7EC7-8B00-18F7-F3F34D7DD591}.Debug|Any CPU.Build.0 = Debug|Any CPU
		{806329E4-7EC7-8B00-18F7-F3F34D7DD591}.Release|Any CPU.ActiveCfg = Release|Any CPU
		{806329E4-7EC7-8B00-18F7-F3F34D7DD591}.Release|Any CPU.Build.0 = Release|Any CPU
	EndGlobalSection
	GlobalSection(SolutionProperties) = preSolution
		HideSolutionNode = FALSE
	EndGlobalSection
	GlobalSection(ExtensibilityGlobals) = postSolution
		SolutionGuid = {4A050A66-21C1-4D0C-8D38-9BE7DCC9ADEC}
	EndGlobalSection
EndGlobal
